version = 1
revision = 3
requires-python = ">=3.12"

[[package]]
name = "pkg-depending-on-lfs"
version = "0.1.0"
source = { virtual = "." }
dependencies = [
    { name = "remote-lfs" },
]

[package.metadata]
requires-dist = [{ name = "remote-lfs", git = "https://github.com/Nicolaus93/remote-lfs.git?lfs=true&rev=483765d3a6c82ecb31e530ff440a75282a27560a" }]

[[package]]
name = "remote-lfs"
version = "0.1.0"
source = { git = "https://github.com/Nicolaus93/remote-lfs.git?lfs=true&rev=483765d3a6c82ecb31e530ff440a75282a27560a#483765d3a6c82ecb31e530ff440a75282a27560a" }
